
Microsoft Visual Studio Solution File, Format Version 12.00
# Visual Studio Version 17
VisualStudioVersion = 17.10.34916.146
MinimumVisualStudioVersion = 10.0.40219.1
Project("{FAE04EC0-301F-11D3-BF4B-00C04F79EFBC}") = "ControlBienes.Data", "ControlBienes.Data\ControlBienes.Data.csproj", "{50938C50-7E51-4E28-915A-E61BF3FEE321}"
EndProject
Project("{FAE04EC0-301F-11D3-BF4B-00C04F79EFBC}") = "ControlBienes.Entities", "ControlBienes.Entities\ControlBienes.Entities.csproj", "{B79291CD-8D9F-4F61-9046-99CF2996DB9D}"
EndProject
Project("{FAE04EC0-301F-11D3-BF4B-00C04F79EFBC}") = "ControlBienes.Services", "ControlBienes.Services\ControlBienes.Services.csproj", "{8C03BAA0-A9EF-4B67-BA33-A2E13CB81B6A}"
EndProject
Project("{FAE04EC0-301F-11D3-BF4B-00C04F79EFBC}") = "ControlBienes.Business", "ControlBienes.Business\ControlBienes.Business.csproj", "{162D8F70-812A-4462-ABA6-2B0299817467}"
EndProject
Project("{FAE04EC0-301F-11D3-BF4B-00C04F79EFBC}") = "ControlBienes.Web", "ControlBienes.Web\ControlBienes.Web.csproj", "{D3DD21F8-1264-4B8E-BC29-5E96DD2E5969}"
EndProject
Global
	GlobalSection(SolutionConfigurationPlatforms) = preSolution
		Debug|Any CPU = Debug|Any CPU
		Release|Any CPU = Release|Any CPU
	EndGlobalSection
	GlobalSection(ProjectConfigurationPlatforms) = postSolution
		{50938C50-7E51-4E28-915A-E61BF3FEE321}.Debug|Any CPU.ActiveCfg = Debug|Any CPU
		{50938C50-7E51-4E28-915A-E61BF3FEE321}.Debug|Any CPU.Build.0 = Debug|Any CPU
		{50938C50-7E51-4E28-915A-E61BF3FEE321}.Release|Any CPU.ActiveCfg = Release|Any CPU
		{50938C50-7E51-4E28-915A-E61BF3FEE321}.Release|Any CPU.Build.0 = Release|Any CPU
		{B79291CD-8D9F-4F61-9046-99CF2996DB9D}.Debug|Any CPU.ActiveCfg = Debug|Any CPU
		{B79291CD-8D9F-4F61-9046-99CF2996DB9D}.Debug|Any CPU.Build.0 = Debug|Any CPU
		{B79291CD-8D9F-4F61-9046-99CF2996DB9D}.Release|Any CPU.ActiveCfg = Release|Any CPU
		{B79291CD-8D9F-4F61-9046-99CF2996DB9D}.Release|Any CPU.Build.0 = Release|Any CPU
		{8C03BAA0-A9EF-4B67-BA33-A2E13CB81B6A}.Debug|Any CPU.ActiveCfg = Debug|Any CPU
		{8C03BAA0-A9EF-4B67-BA33-A2E13CB81B6A}.Debug|Any CPU.Build.0 = Debug|Any CPU
		{8C03BAA0-A9EF-4B67-BA33-A2E13CB81B6A}.Release|Any CPU.ActiveCfg = Release|Any CPU
		{8C03BAA0-A9EF-4B67-BA33-A2E13CB81B6A}.Release|Any CPU.Build.0 = Release|Any CPU
		{162D8F70-812A-4462-ABA6-2B0299817467}.Debug|Any CPU.ActiveCfg = Debug|Any CPU
		{162D8F70-812A-4462-ABA6-2B0299817467}.Debug|Any CPU.Build.0 = Debug|Any CPU
		{162D8F70-812A-4462-ABA6-2B0299817467}.Release|Any CPU.ActiveCfg = Release|Any CPU
		{162D8F70-812A-4462-ABA6-2B0299817467}.Release|Any CPU.Build.0 = Release|Any CPU
		{D3DD21F8-1264-4B8E-BC29-5E96DD2E5969}.Debug|Any CPU.ActiveCfg = Debug|Any CPU
		{D3DD21F8-1264-4B8E-BC29-5E96DD2E5969}.Debug|Any CPU.Build.0 = Debug|Any CPU
		{D3DD21F8-1264-4B8E-BC29-5E96DD2E5969}.Release|Any CPU.ActiveCfg = Release|Any CPU
		{D3DD21F8-1264-4B8E-BC29-5E96DD2E5969}.Release|Any CPU.Build.0 = Release|Any CPU
	EndGlobalSection
	GlobalSection(SolutionProperties) = preSolution
		HideSolutionNode = FALSE
	EndGlobalSection
	GlobalSection(ExtensibilityGlobals) = postSolution
		SolutionGuid = {36EC45B6-FE31-4FAC-9AEA-2CB4E8FE91AB}
	EndGlobalSection
EndGlobal
